
Microsoft Visual Studio Solution File, Format Version 12.00
# Visual Studio Version 17
VisualStudioVersion = 17.3.32922.545
MinimumVisualStudioVersion = 10.0.40219.1
Project("{FAE04EC0-301F-11D3-BF4B-00C04F79EFBC}") = "Notes.Android", "Notes.Android\Notes.Android.csproj", "{DC67F3E5-3E34-4B8D-99E1-EB977843AD0D}"
EndProject
Project("{FAE04EC0-301F-11D3-BF4B-00C04F79EFBC}") = "Notes.iOS", "Notes.iOS\Notes.iOS.csproj", "{1E980320-4F20-4448-9958-911A04CB5C4D}"
EndProject
Project("{FAE04EC0-301F-11D3-BF4B-00C04F79EFBC}") = "Notes", "Notes\Notes.csproj", "{D6249539-CAB2-4A1C-B40F-9B3063C7D7DB}"
EndProject
Global
	GlobalSection(SolutionConfigurationPlatforms) = preSolution
		Debug|Any CPU = Debug|Any CPU
		Debug|iPhone = Debug|iPhone
		Debug|iPhoneSimulator = Debug|iPhoneSimulator
		Release|Any CPU = Release|Any CPU
		Release|iPhone = Release|iPhone
		Release|iPhoneSimulator = Release|iPhoneSimulator
	EndGlobalSection
	GlobalSection(ProjectConfigurationPlatforms) = postSolution
		{DC67F3E5-3E34-4B8D-99E1-EB977843AD0D}.Debug|Any CPU.ActiveCfg = Debug|Any CPU
		{DC67F3E5-3E34-4B8D-99E1-EB977843AD0D}.Debug|Any CPU.Build.0 = Debug|Any CPU
		{DC67F3E5-3E34-4B8D-99E1-EB977843AD0D}.Debug|Any CPU.Deploy.0 = Debug|Any CPU
		{DC67F3E5-3E34-4B8D-99E1-EB977843AD0D}.Debug|iPhone.ActiveCfg = Debug|Any CPU
		{DC67F3E5-3E34-4B8D-99E1-EB977843AD0D}.Debug|iPhone.Build.0 = Debug|Any CPU
		{DC67F3E5-3E34-4B8D-99E1-EB977843AD0D}.Debug|iPhone.Deploy.0 = Debug|Any CPU
		{DC67F3E5-3E34-4B8D-99E1-EB977843AD0D}.Debug|iPhoneSimulator.ActiveCfg = Debug|Any CPU
		{DC67F3E5-3E34-4B8D-99E1-EB977843AD0D}.Debug|iPhoneSimulator.Build.0 = Debug|Any CPU
		{DC67F3E5-3E34-4B8D-99E1-EB977843AD0D}.Debug|iPhoneSimulator.Deploy.0 = Debug|Any CPU
		{DC67F3E5-3E34-4B8D-99E1-EB977843AD0D}.Release|Any CPU.ActiveCfg = Release|Any CPU
		{DC67F3E5-3E34-4B8D-99E1-EB977843AD0D}.Release|Any CPU.Build.0 = Release|Any CPU
		{DC67F3E5-3E34-4B8D-99E1-EB977843AD0D}.Release|Any CPU.Deploy.0 = Release|Any CPU
		{DC67F3E5-3E34-4B8D-99E1-EB977843AD0D}.Release|iPhone.ActiveCfg = Release|Any CPU
		{DC67F3E5-3E34-4B8D-99E1-EB977843AD0D}.Release|iPhone.Build.0 = Release|Any CPU
		{DC67F3E5-3E34-4B8D-99E1-EB977843AD0D}.Release|iPhone.Deploy.0 = Release|Any CPU
		{DC67F3E5-3E34-4B8D-99E1-EB977843AD0D}.Release|iPhoneSimulator.ActiveCfg = Release|Any CPU
		{DC67F3E5-3E34-4B8D-99E1-EB977843AD0D}.Release|iPhoneSimulator.Build.0 = Release|Any CPU
		{DC67F3E5-3E34-4B8D-99E1-EB977843AD0D}.Release|iPhoneSimulator.Deploy.0 = Release|Any CPU
		{1E980320-4F20-4448-9958-911A04CB5C4D}.Debug|Any CPU.ActiveCfg = Debug|iPhone
		{1E980320-4F20-4448-9958-911A04CB5C4D}.Debug|Any CPU.Build.0 = Debug|iPhone
		{1E980320-4F20-4448-9958-911A04CB5C4D}.Debug|Any CPU.Deploy.0 = Debug|iPhone
		{1E980320-4F20-4448-9958-911A04CB5C4D}.Debug|iPhone.ActiveCfg = Debug|iPhone
		{1E980320-4F20-4448-9958-911A04CB5C4D}.Debug|iPhone.Build.0 = Debug|iPhone
		{1E980320-4F20-4448-9958-911A04CB5C4D}.Debug|iPhone.Deploy.0 = Debug|iPhone
		{1E980320-4F20-4448-9958-911A04CB5C4D}.Debug|iPhoneSimulator.ActiveCfg = Debug|iPhoneSimulator
		{1E980320-4F20-4448-9958-911A04CB5C4D}.Debug|iPhoneSimulator.Build.0 = Debug|iPhoneSimulator
		{1E980320-4F20-4448-9958-911A04CB5C4D}.Debug|iPhoneSimulator.Deploy.0 = Debug|iPhoneSimulator
		{1E980320-4F20-4448-9958-911A04CB5C4D}.Release|Any CPU.ActiveCfg = Release|iPhoneSimulator
		{1E980320-4F20-4448-9958-911A04CB5C4D}.Release|Any CPU.Build.0 = Release|iPhoneSimulator
		{1E980320-4F20-4448-9958-911A04CB5C4D}.Release|Any CPU.Deploy.0 = Release|iPhoneSimulator
		{1E980320-4F20-4448-9958-911A04CB5C4D}.Release|iPhone.ActiveCfg = Release|iPhone
		{1E980320-4F20-4448-9958-911A04CB5C4D}.Release|iPhone.Build.0 = Release|iPhone
		{1E980320-4F20-4448-9958-911A04CB5C4D}.Release|iPhone.Deploy.0 = Release|iPhone
		{1E980320-4F20-4448-9958-911A04CB5C4D}.Release|iPhoneSimulator.ActiveCfg = Release|iPhoneSimulator
		{1E980320-4F20-4448-9958-911A04CB5C4D}.Release|iPhoneSimulator.Build.0 = Release|iPhoneSimulator
		{1E980320-4F20-4448-9958-911A04CB5C4D}.Release|iPhoneSimulator.Deploy.0 = Release|iPhoneSimulator
		{D6249539-CAB2-4A1C-B40F-9B3063C7D7DB}.Debug|Any CPU.ActiveCfg = Debug|Any CPU
		{D6249539-CAB2-4A1C-B40F-9B3063C7D7DB}.Debug|Any CPU.Build.0 = Debug|Any CPU
		{D6249539-CAB2-4A1C-B40F-9B3063C7D7DB}.Debug|Any CPU.Deploy.0 = Debug|Any CPU
		{D6249539-CAB2-4A1C-B40F-9B3063C7D7DB}.Debug|iPhone.ActiveCfg = Debug|Any CPU
		{D6249539-CAB2-4A1C-B40F-9B3063C7D7DB}.Debug|iPhone.Build.0 = Debug|Any CPU
		{D6249539-CAB2-4A1C-B40F-9B3063C7D7DB}.Debug|iPhone.Deploy.0 = Debug|Any CPU
		{D6249539-CAB2-4A1C-B40F-9B3063C7D7DB}.Debug|iPhoneSimulator.ActiveCfg = Debug|Any CPU
		{D6249539-CAB2-4A1C-B40F-9B3063C7D7DB}.Debug|iPhoneSimulator.Build.0 = Debug|Any CPU
		{D6249539-CAB2-4A1C-B40F-9B3063C7D7DB}.Debug|iPhoneSimulator.Deploy.0 = Debug|Any CPU
		{D6249539-CAB2-4A1C-B40F-9B3063C7D7DB}.Release|Any CPU.ActiveCfg = Release|Any CPU
		{D6249539-CAB2-4A1C-B40F-9B3063C7D7DB}.Release|Any CPU.Build.0 = Release|Any CPU
		{D6249539-CAB2-4A1C-B40F-9B3063C7D7DB}.Release|Any CPU.Deploy.0 = Release|Any CPU
		{D6249539-CAB2-4A1C-B40F-9B3063C7D7DB}.Release|iPhone.ActiveCfg = Release|Any CPU
		{D6249539-CAB2-4A1C-B40F-9B3063C7D7DB}.Release|iPhone.Build.0 = Release|Any CPU
		{D6249539-CAB2-4A1C-B40F-9B3063C7D7DB}.Release|iPhone.Deploy.0 = Release|Any CPU
		{D6249539-CAB2-4A1C-B40F-9B3063C7D7DB}.Release|iPhoneSimulator.ActiveCfg = Release|Any CPU
		{D6249539-CAB2-4A1C-B40F-9B3063C7D7DB}.Release|iPhoneSimulator.Build.0 = Release|Any CPU
		{D6249539-CAB2-4A1C-B40F-9B3063C7D7DB}.Release|iPhoneSimulator.Deploy.0 = Release|Any CPU
	EndGlobalSection
	GlobalSection(SolutionProperties) = preSolution
		HideSolutionNode = FALSE
	EndGlobalSection
	GlobalSection(ExtensibilityGlobals) = postSolution
		SolutionGuid = {254C638E-EE04-4993-B5FC-76659A28E72A}
	EndGlobalSection
EndGlobal
